
Microsoft Visual Studio Solution File, Format Version 12.00
# Visual Studio Version 16
VisualStudioVersion = 16.0.29709.97
MinimumVisualStudioVersion = 10.0.40219.1
Project("{9A19103F-16F7-4668-BE54-9A1E7A4F7556}") = "ScotgovCovid.Web", "ScotgovCovidGraphql\ScotgovCovid.Web.csproj", "{FBB26E17-F12D-4179-AAD1-ACCBF7EFE1E4}"
EndProject
Project("{9A19103F-16F7-4668-BE54-9A1E7A4F7556}") = "ScotgovCovidWeb.DataAccess", "ScotgovCovidWeb.DataAccess\ScotgovCovidWeb.DataAccess.csproj", "{7E7A0901-C3B4-4A52-B570-D02A25A351C2}"
EndProject
Global
	GlobalSection(SolutionConfigurationPlatforms) = preSolution
		Debug|Any CPU = Debug|Any CPU
		Release|Any CPU = Release|Any CPU
	EndGlobalSection
	GlobalSection(ProjectConfigurationPlatforms) = postSolution
		{FBB26E17-F12D-4179-AAD1-ACCBF7EFE1E4}.Debug|Any CPU.ActiveCfg = Debug|Any CPU
		{FBB26E17-F12D-4179-AAD1-ACCBF7EFE1E4}.Debug|Any CPU.Build.0 = Debug|Any CPU
		{FBB26E17-F12D-4179-AAD1-ACCBF7EFE1E4}.Release|Any CPU.ActiveCfg = Release|Any CPU
		{FBB26E17-F12D-4179-AAD1-ACCBF7EFE1E4}.Release|Any CPU.Build.0 = Release|Any CPU
		{7E7A0901-C3B4-4A52-B570-D02A25A351C2}.Debug|Any CPU.ActiveCfg = Debug|Any CPU
		{7E7A0901-C3B4-4A52-B570-D02A25A351C2}.Debug|Any CPU.Build.0 = Debug|Any CPU
		{7E7A0901-C3B4-4A52-B570-D02A25A351C2}.Release|Any CPU.ActiveCfg = Release|Any CPU
		{7E7A0901-C3B4-4A52-B570-D02A25A351C2}.Release|Any CPU.Build.0 = Release|Any CPU
	EndGlobalSection
	GlobalSection(SolutionProperties) = preSolution
		HideSolutionNode = FALSE
	EndGlobalSection
	GlobalSection(ExtensibilityGlobals) = postSolution
		SolutionGuid = {2FCB1D14-8D90-43C7-B525-3D43005A2217}
	EndGlobalSection
EndGlobal
